
Microsoft Visual Studio Solution File, Format Version 12.00
# Visual Studio Version 17
VisualStudioVersion = 17.13.35931.197 d17.13
MinimumVisualStudioVersion = 10.0.40219.1
Project("{FAE04EC0-301F-11D3-BF4B-00C04F79EFBC}") = "Personnel-API", "Personnel-API.csproj", "{F0FDA9AD-CCF3-4B72-9FAF-29859ACEA354}"
EndProject
Global
	GlobalSection(SolutionConfigurationPlatforms) = preSolution
		Debug|Any CPU = Debug|Any CPU
		Release|Any CPU = Release|Any CPU
	EndGlobalSection
	GlobalSection(ProjectConfigurationPlatforms) = postSolution
		{F0FDA9AD-CCF3-4B72-9FAF-29859ACEA354}.Debug|Any CPU.ActiveCfg = Debug|Any CPU
		{F0FDA9AD-CCF3-4B72-9FAF-29859ACEA354}.Debug|Any CPU.Build.0 = Debug|Any CPU
		{F0FDA9AD-CCF3-4B72-9FAF-29859ACEA354}.Release|Any CPU.ActiveCfg = Release|Any CPU
		{F0FDA9AD-CCF3-4B72-9FAF-29859ACEA354}.Release|Any CPU.Build.0 = Release|Any CPU
	EndGlobalSection
	GlobalSection(SolutionProperties) = preSolution
		HideSolutionNode = FALSE
	EndGlobalSection
	GlobalSection(ExtensibilityGlobals) = postSolution
		SolutionGuid = {A99B9CD7-5B04-427B-B6B6-47C6ABCE3A36}
	EndGlobalSection
EndGlobal
